// !$*UTF8*$!
{
	archiveVersion = 1;
	classes = {
	};
	objectVersion = 55;
	objects = {

/* Begin PBXBuildFile section */
		D8F73431273C1AAE0094A655 /* AppDelegate.swift in Sources */ = {isa = PBXBuildFile; fileRef = D8F73430273C1AAE0094A655 /* AppDelegate.swift */; };
		D8F73433273C1AAE0094A655 /* SceneDelegate.swift in Sources */ = {isa = PBXBuildFile; fileRef = D8F73432273C1AAE0094A655 /* SceneDelegate.swift */; };
		D8F73435273C1AAE0094A655 /* MenuViewController.swift in Sources */ = {isa = PBXBuildFile; fileRef = D8F73434273C1AAE0094A655 /* MenuViewController.swift */; };
		D8F7343A273C1AB00094A655 /* Assets.xcassets in Resources */ = {isa = PBXBuildFile; fileRef = D8F73439273C1AB00094A655 /* Assets.xcassets */; };
		D8F7343D273C1AB00094A655 /* LaunchScreen.storyboard in Resources */ = {isa = PBXBuildFile; fileRef = D8F7343B273C1AB00094A655 /* LaunchScreen.storyboard */; };
		D8F73446273C1B660094A655 /* RedViewController.swift in Sources */ = {isa = PBXBuildFile; fileRef = D8F73445273C1B660094A655 /* RedViewController.swift */; };
		D8F73448273C1B810094A655 /* GreenViewController.swift in Sources */ = {isa = PBXBuildFile; fileRef = D8F73447273C1B810094A655 /* GreenViewController.swift */; };
		D8F7344C273C1C5A0094A655 /* MenuView.swift in Sources */ = {isa = PBXBuildFile; fileRef = D8F7344B273C1C5A0094A655 /* MenuView.swift */; };
		D8F7344E273C1C680094A655 /* MenuViewWrapper.swift in Sources */ = {isa = PBXBuildFile; fileRef = D8F7344D273C1C680094A655 /* MenuViewWrapper.swift */; };
		D8F73450273C1C730094A655 /* MenuPresenter.swift in Sources */ = {isa = PBXBuildFile; fileRef = D8F7344F273C1C730094A655 /* MenuPresenter.swift */; };
/* End PBXBuildFile section */

/* Begin PBXFileReference section */
		D8F7342D273C1AAE0094A655 /* MVP.app */ = {isa = PBXFileReference; explicitFileType = wrapper.application; includeInIndex = 0; path = MVP.app; sourceTree = BUILT_PRODUCTS_DIR; };
		D8F73430273C1AAE0094A655 /* AppDelegate.swift */ = {isa = PBXFileReference; lastKnownFileType = sourcecode.swift; path = AppDelegate.swift; sourceTree = "<group>"; };
		D8F73432273C1AAE0094A655 /* SceneDelegate.swift */ = {isa = PBXFileReference; lastKnownFileType = sourcecode.swift; path = SceneDelegate.swift; sourceTree = "<group>"; };
		D8F73434273C1AAE0094A655 /* MenuViewController.swift */ = {isa = PBXFileReference; lastKnownFileType = sourcecode.swift; path = MenuViewController.swift; sourceTree = "<group>"; };
		D8F73439273C1AB00094A655 /* Assets.xcassets */ = {isa = PBXFileReference; lastKnownFileType = folder.assetcatalog; path = Assets.xcassets; sourceTree = "<group>"; };
		D8F7343C273C1AB00094A655 /* Base */ = {isa = PBXFileReference; lastKnownFileType = file.storyboard; name = Base; path = Base.lproj/LaunchScreen.storyboard; sourceTree = "<group>"; };
		D8F7343E273C1AB00094A655 /* Info.plist */ = {isa = PBXFileReference; lastKnownFileType = text.plist.xml; path = Info.plist; sourceTree = "<group>"; };
		D8F73445273C1B660094A655 /* RedViewController.swift */ = {isa = PBXFileReference; lastKnownFileType = sourcecode.swift; path = RedViewController.swift; sourceTree = "<group>"; };
		D8F73447273C1B810094A655 /* GreenViewController.swift */ = {isa = PBXFileReference; lastKnownFileType = sourcecode.swift; path = GreenViewController.swift; sourceTree = "<group>"; };
		D8F7344B273C1C5A0094A655 /* MenuView.swift */ = {isa = PBXFileReference; lastKnownFileType = sourcecode.swift; path = MenuView.swift; sourceTree = "<group>"; };
		D8F7344D273C1C680094A655 /* MenuViewWrapper.swift */ = {isa = PBXFileReference; lastKnownFileType = sourcecode.swift; path = MenuViewWrapper.swift; sourceTree = "<group>"; };
		D8F7344F273C1C730094A655 /* MenuPresenter.swift */ = {isa = PBXFileReference; lastKnownFileType = sourcecode.swift; path = MenuPresenter.swift; sourceTree = "<group>"; };
/* End PBXFileReference section */

/* Begin PBXFrameworksBuildPhase section */
		D8F7342A273C1AAE0094A655 /* Frameworks */ = {
			isa = PBXFrameworksBuildPhase;
			buildActionMask = 2147483647;
			files = (
			);
			runOnlyForDeploymentPostprocessing = 0;
		};
/* End PBXFrameworksBuildPhase section */

/* Begin PBXGroup section */
		D8F73424273C1AAE0094A655 = {
			isa = PBXGroup;
			children = (
				D8F7342F273C1AAE0094A655 /* MVP */,
				D8F7342E273C1AAE0094A655 /* Products */,
			);
			sourceTree = "<group>";
		};
		D8F7342E273C1AAE0094A655 /* Products */ = {
			isa = PBXGroup;
			children = (
				D8F7342D273C1AAE0094A655 /* MVP.app */,
			);
			name = Products;
			sourceTree = "<group>";
		};
		D8F7342F273C1AAE0094A655 /* MVP */ = {
			isa = PBXGroup;
			children = (
				D8F73430273C1AAE0094A655 /* AppDelegate.swift */,
				D8F73432273C1AAE0094A655 /* SceneDelegate.swift */,
				D8F73444273C1ACD0094A655 /* Menu */,
				D8F73449273C1BA40094A655 /* Red */,
				D8F7344A273C1BB30094A655 /* Green */,
				D8F73439273C1AB00094A655 /* Assets.xcassets */,
				D8F7343B273C1AB00094A655 /* LaunchScreen.storyboard */,
				D8F7343E273C1AB00094A655 /* Info.plist */,
			);
			path = MVP;
			sourceTree = "<group>";
		};
		D8F73444273C1ACD0094A655 /* Menu */ = {
			isa = PBXGroup;
			children = (
				D8F73434273C1AAE0094A655 /* MenuViewController.swift */,
				D8F7344B273C1C5A0094A655 /* MenuView.swift */,
				D8F7344F273C1C730094A655 /* MenuPresenter.swift */,
				D8F7344D273C1C680094A655 /* MenuViewWrapper.swift */,
			);
			path = Menu;
			sourceTree = "<group>";
		};
		D8F73449273C1BA40094A655 /* Red */ = {
			isa = PBXGroup;
			children = (
				D8F73445273C1B660094A655 /* RedViewController.swift */,
			);
			path = Red;
			sourceTree = "<group>";
		};
		D8F7344A273C1BB30094A655 /* Green */ = {
			isa = PBXGroup;
			children = (
				D8F73447273C1B810094A655 /* GreenViewController.swift */,
			);
			path = Green;
			sourceTree = "<group>";
		};
/* End PBXGroup section */

/* Begin PBXNativeTarget section */
		D8F7342C273C1AAE0094A655 /* MVP */ = {
			isa = PBXNativeTarget;
			buildConfigurationList = D8F73441273C1AB00094A655 /* Build configuration list for PBXNativeTarget "MVP" */;
			buildPhases = (
				D8F73429273C1AAE0094A655 /* Sources */,
				D8F7342A273C1AAE0094A655 /* Frameworks */,
				D8F7342B273C1AAE0094A655 /* Resources */,
			);
			buildRules = (
			);
			dependencies = (
			);
			name = MVP;
			productName = MVP;
			productReference = D8F7342D273C1AAE0094A655 /* MVP.app */;
			productType = "com.apple.product-type.application";
		};
/* End PBXNativeTarget section */

/* Begin PBXProject section */
		D8F73425273C1AAE0094A655 /* Project object */ = {
			isa = PBXProject;
			attributes = {
				BuildIndependentTargetsInParallel = 1;
				LastSwiftUpdateCheck = 1310;
				LastUpgradeCheck = 1310;
				TargetAttributes = {
					D8F7342C273C1AAE0094A655 = {
						CreatedOnToolsVersion = 13.1;
					};
				};
			};
			buildConfigurationList = D8F73428273C1AAE0094A655 /* Build configuration list for PBXProject "MVP" */;
			compatibilityVersion = "Xcode 13.0";
			developmentRegion = en;
			hasScannedForEncodings = 0;
			knownRegions = (
				en,
				Base,
			);
			mainGroup = D8F73424273C1AAE0094A655;
			productRefGroup = D8F7342E273C1AAE0094A655 /* Products */;
			projectDirPath = "";
			projectRoot = "";
			targets = (
				D8F7342C273C1AAE0094A655 /* MVP */,
			);
		};
/* End PBXProject section */

/* Begin PBXResourcesBuildPhase section */
		D8F7342B273C1AAE0094A655 /* Resources */ = {
			isa = PBXResourcesBuildPhase;
			buildActionMask = 2147483647;
			files = (
				D8F7343D273C1AB00094A655 /* LaunchScreen.storyboard in Resources */,
				D8F7343A273C1AB00094A655 /* Assets.xcassets in Resources */,
			);
			runOnlyForDeploymentPostprocessing = 0;
		};
/* End PBXResourcesBuildPhase section */

/* Begin PBXSourcesBuildPhase section */
		D8F73429273C1AAE0094A655 /* Sources */ = {
			isa = PBXSourcesBuildPhase;
			buildActionMask = 2147483647;
			files = (
				D8F73446273C1B660094A655 /* RedViewController.swift in Sources */,
				D8F7344C273C1C5A0094A655 /* MenuView.swift in Sources */,
				D8F73435273C1AAE0094A655 /* MenuViewController.swift in Sources */,
				D8F73450273C1C730094A655 /* MenuPresenter.swift in Sources */,
				D8F7344E273C1C680094A655 /* MenuViewWrapper.swift in Sources */,
				D8F73431273C1AAE0094A655 /* AppDelegate.swift in Sources */,
				D8F73433273C1AAE0094A655 /* SceneDelegate.swift in Sources */,
				D8F73448273C1B810094A655 /* GreenViewController.swift in Sources */,
			);
			runOnlyForDeploymentPostprocessing = 0;
		};
/* End PBXSourcesBuildPhase section */

/* Begin PBXVariantGroup section */
		D8F7343B273C1AB00094A655 /* LaunchScreen.storyboard */ = {
			isa = PBXVariantGroup;
			children = (
				D8F7343C273C1AB00094A655 /* Base */,
			);
			name = LaunchScreen.storyboard;
			sourceTree = "<group>";
		};
/* End PBXVariantGroup section */

/* Begin XCBuildConfiguration section */
		D8F7343F273C1AB00094A655 /* Debug */ = {
			isa = XCBuildConfiguration;
			buildSettings = {
				ALWAYS_SEARCH_USER_PATHS = NO;
				CLANG_ANALYZER_NONNULL = YES;
				CLANG_ANALYZER_NUMBER_OBJECT_CONVERSION = YES_AGGRESSIVE;
				CLANG_CXX_LANGUAGE_STANDARD = "gnu++17";
				CLANG_CXX_LIBRARY = "libc++";
				CLANG_ENABLE_MODULES = YES;
				CLANG_ENABLE_OBJC_ARC = YES;
				CLANG_ENABLE_OBJC_WEAK = YES;
				CLANG_WARN_BLOCK_CAPTURE_AUTORELEASING = YES;
				CLANG_WARN_BOOL_CONVERSION = YES;
				CLANG_WARN_COMMA = YES;
				CLANG_WARN_CONSTANT_CONVERSION = YES;
				CLANG_WARN_DEPRECATED_OBJC_IMPLEMENTATIONS = YES;
				CLANG_WARN_DIRECT_OBJC_ISA_USAGE = YES_ERROR;
				CLANG_WARN_DOCUMENTATION_COMMENTS = YES;
				CLANG_WARN_EMPTY_BODY = YES;
				CLANG_WARN_ENUM_CONVERSION = YES;
				CLANG_WARN_INFINITE_RECURSION = YES;
				CLANG_WARN_INT_CONVERSION = YES;
				CLANG_WARN_NON_LITERAL_NULL_CONVERSION = YES;
				CLANG_WARN_OBJC_IMPLICIT_RETAIN_SELF = YES;
				CLANG_WARN_OBJC_LITERAL_CONVERSION = YES;
				CLANG_WARN_OBJC_ROOT_CLASS = YES_ERROR;
				CLANG_WARN_QUOTED_INCLUDE_IN_FRAMEWORK_HEADER = YES;
				CLANG_WARN_RANGE_LOOP_ANALYSIS = YES;
				CLANG_WARN_STRICT_PROTOTYPES = YES;
				CLANG_WARN_SUSPICIOUS_MOVE = YES;
				CLANG_WARN_UNGUARDED_AVAILABILITY = YES_AGGRESSIVE;
				CLANG_WARN_UNREACHABLE_CODE = YES;
				CLANG_WARN__DUPLICATE_METHOD_MATCH = YES;
				COPY_PHASE_STRIP = NO;
				DEBUG_INFORMATION_FORMAT = dwarf;
				ENABLE_STRICT_OBJC_MSGSEND = YES;
				ENABLE_TESTABILITY = YES;
				GCC_C_LANGUAGE_STANDARD = gnu11;
				GCC_DYNAMIC_NO_PIC = NO;
				GCC_NO_COMMON_BLOCKS = YES;
				GCC_OPTIMIZATION_LEVEL = 0;
				GCC_PREPROCESSOR_DEFINITIONS = (
					"DEBUG=1",
					"$(inherited)",
				);
				GCC_WARN_64_TO_32_BIT_CONVERSION = YES;
				GCC_WARN_ABOUT_RETURN_TYPE = YES_ERROR;
				GCC_WARN_UNDECLARED_SELECTOR = YES;
				GCC_WARN_UNINITIALIZED_AUTOS = YES_AGGRESSIVE;
				GCC_WARN_UNUSED_FUNCTION = YES;
				GCC_WARN_UNUSED_VARIABLE = YES;
				IPHONEOS_DEPLOYMENT_TARGET = 15.0;
				MTL_ENABLE_DEBUG_INFO = INCLUDE_SOURCE;
				MTL_FAST_MATH = YES;
				ONLY_ACTIVE_ARCH = YES;
				SDKROOT = iphoneos;
				SWIFT_ACTIVE_COMPILATION_CONDITIONS = DEBUG;
				SWIFT_OPTIMIZATION_LEVEL = "-Onone";
			};
			name = Debug;
		};
		D8F73440273C1AB00094A655 /* Release */ = {
			isa = XCBuildConfiguration;
			buildSettings = {
				ALWAYS_SEARCH_USER_PATHS = NO;
				CLANG_ANALYZER_NONNULL = YES;
				CLANG_ANALYZER_NUMBER_OBJECT_CONVERSION = YES_AGGRESSIVE;
				CLANG_CXX_LANGUAGE_STANDARD = "gnu++17";
				CLANG_CXX_LIBRARY = "libc++";
				CLANG_ENABLE_MODULES = YES;
				CLANG_ENABLE_OBJC_ARC = YES;
				CLANG_ENABLE_OBJC_WEAK = YES;
				CLANG_WARN_BLOCK_CAPTURE_AUTORELEASING = YES;
				CLANG_WARN_BOOL_CONVERSION = YES;
				CLANG_WARN_COMMA = YES;
				CLANG_WARN_CONSTANT_CONVERSION = YES;
				CLANG_WARN_DEPRECATED_OBJC_IMPLEMENTATIONS = YES;
				CLANG_WARN_DIRECT_OBJC_ISA_USAGE = YES_ERROR;
				CLANG_WARN_DOCUMENTATION_COMMENTS = YES;
				CLANG_WARN_EMPTY_BODY = YES;
				CLANG_WARN_ENUM_CONVERSION = YES;
				CLANG_WARN_INFINITE_RECURSION = YES;
				CLANG_WARN_INT_CONVERSION = YES;
				CLANG_WARN_NON_LITERAL_NULL_CONVERSION = YES;
				CLANG_WARN_OBJC_IMPLICIT_RETAIN_SELF = YES;
				CLANG_WARN_OBJC_LITERAL_CONVERSION = YES;
				CLANG_WARN_OBJC_ROOT_CLASS = YES_ERROR;
				CLANG_WARN_QUOTED_INCLUDE_IN_FRAMEWORK_HEADER = YES;
				CLANG_WARN_RANGE_LOOP_ANALYSIS = YES;
				CLANG_WARN_STRICT_PROTOTYPES = YES;
				CLANG_WARN_SUSPICIOUS_MOVE = YES;
				CLANG_WARN_UNGUARDED_AVAILABILITY = YES_AGGRESSIVE;
				CLANG_WARN_UNREACHABLE_CODE = YES;
				CLANG_WARN__DUPLICATE_METHOD_MATCH = YES;
				COPY_PHASE_STRIP = NO;
				DEBUG_INFORMATION_FORMAT = "dwarf-with-dsym";
				ENABLE_NS_ASSERTIONS = NO;
				ENABLE_STRICT_OBJC_MSGSEND = YES;
				GCC_C_LANGUAGE_STANDARD = gnu11;
				GCC_NO_COMMON_BLOCKS = YES;
				GCC_WARN_64_TO_32_BIT_CONVERSION = YES;
				GCC_WARN_ABOUT_RETURN_TYPE = YES_ERROR;
				GCC_WARN_UNDECLARED_SELECTOR = YES;
				GCC_WARN_UNINITIALIZED_AUTOS = YES_AGGRESSIVE;
				GCC_WARN_UNUSED_FUNCTION = YES;
				GCC_WARN_UNUSED_VARIABLE = YES;
				IPHONEOS_DEPLOYMENT_TARGET = 15.0;
				MTL_ENABLE_DEBUG_INFO = NO;
				MTL_FAST_MATH = YES;
				SDKROOT = iphoneos;
				SWIFT_COMPILATION_MODE = wholemodule;
				SWIFT_OPTIMIZATION_LEVEL = "-O";
				VALIDATE_PRODUCT = YES;
			};
			name = Release;
		};
		D8F73442273C1AB00094A655 /* Debug */ = {
			isa = XCBuildConfiguration;
			buildSettings = {
				ASSETCATALOG_COMPILER_APPICON_NAME = AppIcon;
				ASSETCATALOG_COMPILER_GLOBAL_ACCENT_COLOR_NAME = AccentColor;
				CODE_SIGN_STYLE = Automatic;
				CURRENT_PROJECT_VERSION = 1;
				DEVELOPMENT_TEAM = 3Y3H58KDA5;
				GENERATE_INFOPLIST_FILE = YES;
				INFOPLIST_FILE = MVP/Info.plist;
				INFOPLIST_KEY_UIApplicationSupportsIndirectInputEvents = YES;
				INFOPLIST_KEY_UILaunchStoryboardName = LaunchScreen;
				INFOPLIST_KEY_UISupportedInterfaceOrientations_iPad = "UIInterfaceOrientationPortrait UIInterfaceOrientationPortraitUpsideDown UIInterfaceOrientationLandscapeLeft UIInterfaceOrientationLandscapeRight";
				INFOPLIST_KEY_UISupportedInterfaceOrientations_iPhone = "UIInterfaceOrientationPortrait UIInterfaceOrientationLandscapeLeft UIInterfaceOrientationLandscapeRight";
				LD_RUNPATH_SEARCH_PATHS = (
					"$(inherited)",
					"@executable_path/Frameworks",
				);
				MARKETING_VERSION = 1.0;
				PRODUCT_BUNDLE_IDENTIFIER = id5190011.MVP;
				PRODUCT_NAME = "$(TARGET_NAME)";
				SWIFT_EMIT_LOC_STRINGS = YES;
				SWIFT_VERSION = 5.0;
				TARGETED_DEVICE_FAMILY = "1,2";
			};
			name = Debug;
		};
		D8F73443273C1AB00094A655 /* Release */ = {
			isa = XCBuildConfiguration;
			buildSettings = {
				ASSETCATALOG_COMPILER_APPICON_NAME = AppIcon;
				ASSETCATALOG_COMPILER_GLOBAL_ACCENT_COLOR_NAME = AccentColor;
				CODE_SIGN_STYLE = Automatic;
				CURRENT_PROJECT_VERSION = 1;
				DEVELOPMENT_TEAM = 3Y3H58KDA5;
				GENERATE_INFOPLIST_FILE = YES;
				INFOPLIST_FILE = MVP/Info.plist;
				INFOPLIST_KEY_UIApplicationSupportsIndirectInputEvents = YES;
				INFOPLIST_KEY_UILaunchStoryboardName = LaunchScreen;
				INFOPLIST_KEY_UISupportedInterfaceOrientations_iPad = "UIInterfaceOrientationPortrait UIInterfaceOrientationPortraitUpsideDown UIInterfaceOrientationLandscapeLeft UIInterfaceOrientationLandscapeRight";
				INFOPLIST_KEY_UISupportedInterfaceOrientations_iPhone = "UIInterfaceOrientationPortrait UIInterfaceOrientationLandscapeLeft UIInterfaceOrientationLandscapeRight";
				LD_RUNPATH_SEARCH_PATHS = (
					"$(inherited)",
					"@executable_path/Frameworks",
				);
				MARKETING_VERSION = 1.0;
				PRODUCT_BUNDLE_IDENTIFIER = id5190011.MVP;
				PRODUCT_NAME = "$(TARGET_NAME)";
				SWIFT_EMIT_LOC_STRINGS = YES;
				SWIFT_VERSION = 5.0;
				TARGETED_DEVICE_FAMILY = "1,2";
			};
			name = Release;
		};
/* End XCBuildConfiguration section */

/* Begin XCConfigurationList section */
		D8F73428273C1AAE0094A655 /* Build configuration list for PBXProject "MVP" */ = {
			isa = XCConfigurationList;
			buildConfigurations = (
				D8F7343F273C1AB00094A655 /* Debug */,
				D8F73440273C1AB00094A655 /* Release */,
			);
			defaultConfigurationIsVisible = 0;
			defaultConfigurationName = Release;
		};
		D8F73441273C1AB00094A655 /* Build configuration list for PBXNativeTarget "MVP" */ = {
			isa = XCConfigurationList;
			buildConfigurations = (
				D8F73442273C1AB00094A655 /* Debug */,
				D8F73443273C1AB00094A655 /* Release */,
			);
			defaultConfigurationIsVisible = 0;
			defaultConfigurationName = Release;
		};
/* End XCConfigurationList section */
	};
	rootObject = D8F73425273C1AAE0094A655 /* Project object */;
}
